
Microsoft Visual Studio Solution File, Format Version 12.00
# Visual Studio Version 17
VisualStudioVersion = 17.7.34302.85
MinimumVisualStudioVersion = 10.0.40219.1
Project("{FAE04EC0-301F-11D3-BF4B-00C04F79EFBC}") = "MAUI_Estudiantes", "MAUI_Estudiantes.csproj", "{4D5B999D-0EBA-4961-A91A-17C5F7442481}"
EndProject
Global
	GlobalSection(SolutionConfigurationPlatforms) = preSolution
		Debug|Any CPU = Debug|Any CPU
		Release|Any CPU = Release|Any CPU
	EndGlobalSection
	GlobalSection(ProjectConfigurationPlatforms) = postSolution
		{4D5B999D-0EBA-4961-A91A-17C5F7442481}.Debug|Any CPU.ActiveCfg = Debug|Any CPU
		{4D5B999D-0EBA-4961-A91A-17C5F7442481}.Debug|Any CPU.Build.0 = Debug|Any CPU
		{4D5B999D-0EBA-4961-A91A-17C5F7442481}.Debug|Any CPU.Deploy.0 = Debug|Any CPU
		{4D5B999D-0EBA-4961-A91A-17C5F7442481}.Release|Any CPU.ActiveCfg = Release|Any CPU
		{4D5B999D-0EBA-4961-A91A-17C5F7442481}.Release|Any CPU.Build.0 = Release|Any CPU
		{4D5B999D-0EBA-4961-A91A-17C5F7442481}.Release|Any CPU.Deploy.0 = Release|Any CPU
	EndGlobalSection
	GlobalSection(SolutionProperties) = preSolution
		HideSolutionNode = FALSE
	EndGlobalSection
	GlobalSection(ExtensibilityGlobals) = postSolution
		SolutionGuid = {F08FF349-5955-4089-B822-DD35553F2A19}
	EndGlobalSection
EndGlobal
